
Microsoft Visual Studio Solution File, Format Version 12.00
# Visual Studio Version 17
VisualStudioVersion = 17.13.35913.81
MinimumVisualStudioVersion = 10.0.40219.1
Project("{FAE04EC0-301F-11D3-BF4B-00C04F79EFBC}") = "DEVELOPMENT_OpenAvrilNNI", "DEVELOPMENT_OpenAvrilNNI\DEVELOPMENT_OpenAvrilNNI.csproj", "{122751E8-2F68-4AAB-BC2C-FB80330E9CE8}"
EndProject
Project("{FAE04EC0-301F-11D3-BF4B-00C04F79EFBC}") = "OpenAvrilNNAI_OpenAvrilConcurrency_IO_Praise_Nth", "OpenAvrilNNAI_OpenAvrilConcurrency_IO_Praise_Nth\OpenAvrilNNAI_OpenAvrilConcurrency_IO_Praise_Nth.csproj", "{D03539C3-6F65-4ADE-BE98-7D09954AF346}"
EndProject
Project("{FAE04EC0-301F-11D3-BF4B-00C04F79EFBC}") = "OpenAvrilNNI_OpenAvrilConcurrency_IO_Praise_1", "OpenAvrilNNI_OpenAvrilConcurrency_IO_Praise_1\OpenAvrilNNI_OpenAvrilConcurrency_IO_Praise_1.csproj", "{CB45B255-17FC-470B-A4DD-6CBDFB5B763D}"
EndProject
Project("{FAE04EC0-301F-11D3-BF4B-00C04F79EFBC}") = "TESTBENCH_OpenAvrilNNI", "TESTBENCH_OpenAvrilNNI\TESTBENCH_OpenAvrilNNI.csproj", "{C9349737-59B5-403D-A04B-E52B04DD0085}"
EndProject
Global
	GlobalSection(SolutionConfigurationPlatforms) = preSolution
		Debug|Any CPU = Debug|Any CPU
		Debug|x64 = Debug|x64
		Debug|x86 = Debug|x86
		Release|Any CPU = Release|Any CPU
		Release|x64 = Release|x64
		Release|x86 = Release|x86
	EndGlobalSection
	GlobalSection(ProjectConfigurationPlatforms) = postSolution
		{122751E8-2F68-4AAB-BC2C-FB80330E9CE8}.Debug|Any CPU.ActiveCfg = Debug|Any CPU
		{122751E8-2F68-4AAB-BC2C-FB80330E9CE8}.Debug|Any CPU.Build.0 = Debug|Any CPU
		{122751E8-2F68-4AAB-BC2C-FB80330E9CE8}.Debug|x64.ActiveCfg = Debug|x64
		{122751E8-2F68-4AAB-BC2C-FB80330E9CE8}.Debug|x64.Build.0 = Debug|x64
		{122751E8-2F68-4AAB-BC2C-FB80330E9CE8}.Debug|x86.ActiveCfg = Debug|x64
		{122751E8-2F68-4AAB-BC2C-FB80330E9CE8}.Debug|x86.Build.0 = Debug|x64
		{122751E8-2F68-4AAB-BC2C-FB80330E9CE8}.Release|Any CPU.ActiveCfg = Release|Any CPU
		{122751E8-2F68-4AAB-BC2C-FB80330E9CE8}.Release|Any CPU.Build.0 = Release|Any CPU
		{122751E8-2F68-4AAB-BC2C-FB80330E9CE8}.Release|x64.ActiveCfg = Release|x64
		{122751E8-2F68-4AAB-BC2C-FB80330E9CE8}.Release|x64.Build.0 = Release|x64
		{122751E8-2F68-4AAB-BC2C-FB80330E9CE8}.Release|x86.ActiveCfg = Release|Any CPU
		{122751E8-2F68-4AAB-BC2C-FB80330E9CE8}.Release|x86.Build.0 = Release|Any CPU
		{D03539C3-6F65-4ADE-BE98-7D09954AF346}.Debug|Any CPU.ActiveCfg = Debug|Any CPU
		{D03539C3-6F65-4ADE-BE98-7D09954AF346}.Debug|Any CPU.Build.0 = Debug|Any CPU
		{D03539C3-6F65-4ADE-BE98-7D09954AF346}.Debug|x64.ActiveCfg = Debug|x64
		{D03539C3-6F65-4ADE-BE98-7D09954AF346}.Debug|x64.Build.0 = Debug|x64
		{D03539C3-6F65-4ADE-BE98-7D09954AF346}.Debug|x86.ActiveCfg = Debug|Any CPU
		{D03539C3-6F65-4ADE-BE98-7D09954AF346}.Debug|x86.Build.0 = Debug|Any CPU
		{D03539C3-6F65-4ADE-BE98-7D09954AF346}.Release|Any CPU.ActiveCfg = Release|Any CPU
		{D03539C3-6F65-4ADE-BE98-7D09954AF346}.Release|Any CPU.Build.0 = Release|Any CPU
		{D03539C3-6F65-4ADE-BE98-7D09954AF346}.Release|x64.ActiveCfg = Release|x64
		{D03539C3-6F65-4ADE-BE98-7D09954AF346}.Release|x64.Build.0 = Release|x64
		{D03539C3-6F65-4ADE-BE98-7D09954AF346}.Release|x86.ActiveCfg = Release|Any CPU
		{D03539C3-6F65-4ADE-BE98-7D09954AF346}.Release|x86.Build.0 = Release|Any CPU
		{CB45B255-17FC-470B-A4DD-6CBDFB5B763D}.Debug|Any CPU.ActiveCfg = Debug|Any CPU
		{CB45B255-17FC-470B-A4DD-6CBDFB5B763D}.Debug|Any CPU.Build.0 = Debug|Any CPU
		{CB45B255-17FC-470B-A4DD-6CBDFB5B763D}.Debug|x64.ActiveCfg = Debug|x64
		{CB45B255-17FC-470B-A4DD-6CBDFB5B763D}.Debug|x64.Build.0 = Debug|x64
		{CB45B255-17FC-470B-A4DD-6CBDFB5B763D}.Debug|x86.ActiveCfg = Debug|Any CPU
		{CB45B255-17FC-470B-A4DD-6CBDFB5B763D}.Debug|x86.Build.0 = Debug|Any CPU
		{CB45B255-17FC-470B-A4DD-6CBDFB5B763D}.Release|Any CPU.ActiveCfg = Release|Any CPU
		{CB45B255-17FC-470B-A4DD-6CBDFB5B763D}.Release|Any CPU.Build.0 = Release|Any CPU
		{CB45B255-17FC-470B-A4DD-6CBDFB5B763D}.Release|x64.ActiveCfg = Release|x64
		{CB45B255-17FC-470B-A4DD-6CBDFB5B763D}.Release|x64.Build.0 = Release|x64
		{CB45B255-17FC-470B-A4DD-6CBDFB5B763D}.Release|x86.ActiveCfg = Release|Any CPU
		{CB45B255-17FC-470B-A4DD-6CBDFB5B763D}.Release|x86.Build.0 = Release|Any CPU
		{C9349737-59B5-403D-A04B-E52B04DD0085}.Debug|Any CPU.ActiveCfg = Debug|Any CPU
		{C9349737-59B5-403D-A04B-E52B04DD0085}.Debug|Any CPU.Build.0 = Debug|Any CPU
		{C9349737-59B5-403D-A04B-E52B04DD0085}.Debug|x64.ActiveCfg = Debug|x64
		{C9349737-59B5-403D-A04B-E52B04DD0085}.Debug|x64.Build.0 = Debug|x64
		{C9349737-59B5-403D-A04B-E52B04DD0085}.Debug|x86.ActiveCfg = Debug|Any CPU
		{C9349737-59B5-403D-A04B-E52B04DD0085}.Debug|x86.Build.0 = Debug|Any CPU
		{C9349737-59B5-403D-A04B-E52B04DD0085}.Release|Any CPU.ActiveCfg = Release|Any CPU
		{C9349737-59B5-403D-A04B-E52B04DD0085}.Release|Any CPU.Build.0 = Release|Any CPU
		{C9349737-59B5-403D-A04B-E52B04DD0085}.Release|x64.ActiveCfg = Release|x64
		{C9349737-59B5-403D-A04B-E52B04DD0085}.Release|x64.Build.0 = Release|x64
		{C9349737-59B5-403D-A04B-E52B04DD0085}.Release|x86.ActiveCfg = Release|Any CPU
		{C9349737-59B5-403D-A04B-E52B04DD0085}.Release|x86.Build.0 = Release|Any CPU
	EndGlobalSection
	GlobalSection(SolutionProperties) = preSolution
		HideSolutionNode = FALSE
	EndGlobalSection
	GlobalSection(ExtensibilityGlobals) = postSolution
		SolutionGuid = {935DCB51-D5EB-4751-9029-9698226A0E5C}
	EndGlobalSection
EndGlobal
